
Microsoft Visual Studio Solution File, Format Version 12.00
# Visual Studio Version 16
VisualStudioVersion = 16.0.30320.27
MinimumVisualStudioVersion = 10.0.40219.1
Project("{FAE04EC0-301F-11D3-BF4B-00C04F79EFBC}") = "HttpClientPipeline", "HttpClientPipeline\HttpClientPipeline.csproj", "{CF778451-11E3-4D94-8A40-C6D90637E76B}"
EndProject
Global
	GlobalSection(SolutionConfigurationPlatforms) = preSolution
		Debug|Any CPU = Debug|Any CPU
		Release|Any CPU = Release|Any CPU
	EndGlobalSection
	GlobalSection(ProjectConfigurationPlatforms) = postSolution
		{CF778451-11E3-4D94-8A40-C6D90637E76B}.Debug|Any CPU.ActiveCfg = Debug|Any CPU
		{CF778451-11E3-4D94-8A40-C6D90637E76B}.Debug|Any CPU.Build.0 = Debug|Any CPU
		{CF778451-11E3-4D94-8A40-C6D90637E76B}.Release|Any CPU.ActiveCfg = Release|Any CPU
		{CF778451-11E3-4D94-8A40-C6D90637E76B}.Release|Any CPU.Build.0 = Release|Any CPU
	EndGlobalSection
	GlobalSection(SolutionProperties) = preSolution
		HideSolutionNode = FALSE
	EndGlobalSection
	GlobalSection(ExtensibilityGlobals) = postSolution
		SolutionGuid = {BCA1C867-EA40-4D6F-9122-36CD75AF9E2E}
	EndGlobalSection
EndGlobal
